
Microsoft Visual Studio Solution File, Format Version 12.00
# Visual Studio Version 17
VisualStudioVersion = 17.5.33414.496
MinimumVisualStudioVersion = 10.0.40219.1
Project("{9A19103F-16F7-4668-BE54-9A1E7A4F7556}") = "TradeAlert", "TradeAlert\TradeAlert.csproj", "{A9DC323A-8633-4AE9-8076-A486AE177EC3}"
EndProject
Project("{9A19103F-16F7-4668-BE54-9A1E7A4F7556}") = "TradeAlert.Data", "TradeAlert.Data\TradeAlert.Data.csproj", "{84D1D72A-BFC8-4F9F-8875-5F0BD99449A9}"
EndProject
Project("{9A19103F-16F7-4668-BE54-9A1E7A4F7556}") = "NotificationManager", "NotificationManager\NotificationManager.csproj", "{CAEBAF06-5EF2-4CD5-9E65-3D50462B5740}"
EndProject
Project("{FAE04EC0-301F-11D3-BF4B-00C04F79EFBC}") = "TradeAlert.Testing", "TradeAlert.Testing\TradeAlert.Testing.csproj", "{BDE79BC2-14CC-49A4-BDAB-C0FFEE0AD760}"
EndProject
Global
	GlobalSection(SolutionConfigurationPlatforms) = preSolution
		Debug|Any CPU = Debug|Any CPU
		Release|Any CPU = Release|Any CPU
	EndGlobalSection
	GlobalSection(ProjectConfigurationPlatforms) = postSolution
		{A9DC323A-8633-4AE9-8076-A486AE177EC3}.Debug|Any CPU.ActiveCfg = Debug|Any CPU
		{A9DC323A-8633-4AE9-8076-A486AE177EC3}.Debug|Any CPU.Build.0 = Debug|Any CPU
		{A9DC323A-8633-4AE9-8076-A486AE177EC3}.Release|Any CPU.ActiveCfg = Release|Any CPU
		{A9DC323A-8633-4AE9-8076-A486AE177EC3}.Release|Any CPU.Build.0 = Release|Any CPU
		{84D1D72A-BFC8-4F9F-8875-5F0BD99449A9}.Debug|Any CPU.ActiveCfg = Debug|Any CPU
		{84D1D72A-BFC8-4F9F-8875-5F0BD99449A9}.Debug|Any CPU.Build.0 = Debug|Any CPU
		{84D1D72A-BFC8-4F9F-8875-5F0BD99449A9}.Release|Any CPU.ActiveCfg = Release|Any CPU
		{84D1D72A-BFC8-4F9F-8875-5F0BD99449A9}.Release|Any CPU.Build.0 = Release|Any CPU
		{CAEBAF06-5EF2-4CD5-9E65-3D50462B5740}.Debug|Any CPU.ActiveCfg = Debug|Any CPU
		{CAEBAF06-5EF2-4CD5-9E65-3D50462B5740}.Debug|Any CPU.Build.0 = Debug|Any CPU
		{CAEBAF06-5EF2-4CD5-9E65-3D50462B5740}.Release|Any CPU.ActiveCfg = Release|Any CPU
		{CAEBAF06-5EF2-4CD5-9E65-3D50462B5740}.Release|Any CPU.Build.0 = Release|Any CPU
		{BDE79BC2-14CC-49A4-BDAB-C0FFEE0AD760}.Debug|Any CPU.ActiveCfg = Debug|Any CPU
		{BDE79BC2-14CC-49A4-BDAB-C0FFEE0AD760}.Debug|Any CPU.Build.0 = Debug|Any CPU
		{BDE79BC2-14CC-49A4-BDAB-C0FFEE0AD760}.Release|Any CPU.ActiveCfg = Release|Any CPU
		{BDE79BC2-14CC-49A4-BDAB-C0FFEE0AD760}.Release|Any CPU.Build.0 = Release|Any CPU
	EndGlobalSection
	GlobalSection(SolutionProperties) = preSolution
		HideSolutionNode = FALSE
	EndGlobalSection
	GlobalSection(ExtensibilityGlobals) = postSolution
		SolutionGuid = {47CC2A07-6E24-44E1-A39E-501F3479BE59}
	EndGlobalSection
EndGlobal
